
Microsoft Visual Studio Solution File, Format Version 12.00
# Visual Studio Version 18
VisualStudioVersion = 18.2.11408.102 d18.0
MinimumVisualStudioVersion = 10.0.40219.1
Project("{9A19103F-16F7-4668-BE54-9A1E7A4F7556}") = "HelloWPF", "HelloWPF.csproj", "{46E415EE-BB55-49F1-8B69-11D4D14B2A5F}"
EndProject
Project("{9A19103F-16F7-4668-BE54-9A1E7A4F7556}") = "ch2 Label", "..\ch2 Label\ch2 Label.csproj", "{86E86330-2964-40C9-BCCE-64AE6E616000}"
EndProject
Project("{9A19103F-16F7-4668-BE54-9A1E7A4F7556}") = "ch3 텍스트블럭", "..\ch3 텍스트블럭\ch3 텍스트블럭.csproj", "{11DD0AF5-2EBF-478E-AC15-EE5B27D9A476}"
EndProject
Project("{9A19103F-16F7-4668-BE54-9A1E7A4F7556}") = "ch4 버튼", "..\ch4 버튼\ch4 버튼.csproj", "{17031C1C-B025-4C0C-BC6A-D724C188F0E2}"
EndProject
Project("{9A19103F-16F7-4668-BE54-9A1E7A4F7556}") = "ch5 텍스트박스", "..\ch5 텍스트박스\ch5 텍스트박스.csproj", "{C90DE1CB-8171-4005-AA72-7FBEC88ED36F}"
EndProject
Project("{9A19103F-16F7-4668-BE54-9A1E7A4F7556}") = "ch6 패스워드박스", "..\ch6 패스워드박스\ch6 패스워드박스.csproj", "{69188802-1BA6-4581-9B42-D5A042343D41}"
EndProject
Project("{9A19103F-16F7-4668-BE54-9A1E7A4F7556}") = "ch7 이미지", "..\ch7 이미지\ch7 이미지.csproj", "{51B86FCB-3342-4D89-A297-7652D3375C52}"
EndProject
Project("{9A19103F-16F7-4668-BE54-9A1E7A4F7556}") = "ch8 체크박스", "..\ch8 체크박스\ch8 체크박스.csproj", "{2D37229F-4668-4AB1-9C0D-C8FC0883010A}"
EndProject
Project("{9A19103F-16F7-4668-BE54-9A1E7A4F7556}") = "ch9 라디오버튼", "..\ch9 라디오버튼\ch9 라디오버튼.csproj", "{AC9A3BE6-7ADE-4ADD-B32A-29F18344E172}"
EndProject
Project("{9A19103F-16F7-4668-BE54-9A1E7A4F7556}") = "ch10 캘린더", "..\ch10 캘린더\ch10 캘린더.csproj", "{F20A2814-8CCC-4EF9-8DF6-E719262C0512}"
EndProject
Project("{9A19103F-16F7-4668-BE54-9A1E7A4F7556}") = "ch11 데이트피커", "..\ch11 데이트피커\ch11 데이트피커.csproj", "{71335F34-38D7-4417-BCAE-9E44D8558941}"
EndProject
Project("{9A19103F-16F7-4668-BE54-9A1E7A4F7556}") = "ch12 슬라이더", "..\ch12 슬라이더\ch12 슬라이더.csproj", "{E3900049-AC28-444C-970F-C8FC3E6BE2E8}"
EndProject
Project("{9A19103F-16F7-4668-BE54-9A1E7A4F7556}") = "ch13 익스팬더", "..\ch13 익스팬더\ch13 익스팬더.csproj", "{047AA18B-A70B-45E5-B82D-68C122F76C2C}"
EndProject
Project("{9A19103F-16F7-4668-BE54-9A1E7A4F7556}") = "ch14 스택패널", "..\ch14 스택패널\ch14 스택패널.csproj", "{9E1701D9-5397-4AC6-8091-EBA453E8AA80}"
EndProject
Project("{9A19103F-16F7-4668-BE54-9A1E7A4F7556}") = "ch15 랩패널", "..\ch15 랩패널\ch15 랩패널.csproj", "{D87067CC-5F2F-499E-8010-7B12EF5BBCC4}"
EndProject
Project("{9A19103F-16F7-4668-BE54-9A1E7A4F7556}") = "ch16 독패널", "..\ch16 독패널\ch16 독패널.csproj", "{BD0134DE-16EF-4C77-97EA-A1D056F6787B}"
EndProject
Project("{9A19103F-16F7-4668-BE54-9A1E7A4F7556}") = "ch17 그리드", "..\ch17 그리드\ch17 그리드.csproj", "{9EA77DCC-F07F-44EF-867B-99E03026CC19}"
EndProject
Project("{9A19103F-16F7-4668-BE54-9A1E7A4F7556}") = "ch18 유니폼그리드", "..\ch18 유니폼그리드\ch18 유니폼그리드.csproj", "{334656D9-269C-41D7-AA0C-E22727C0A048}"
EndProject
Project("{9A19103F-16F7-4668-BE54-9A1E7A4F7556}") = "ch19 캔버스", "..\ch19 캔버스\ch19 캔버스.csproj", "{6DD72027-2BD2-47C3-A529-38CC3116D600}"
EndProject
Project("{9A19103F-16F7-4668-BE54-9A1E7A4F7556}") = "ch20 프로그레스바", "..\ch20 프로그레스바\ch20 프로그레스바.csproj", "{4CFE8EAE-EDA4-4C3A-BD5F-6E9D5B022864}"
EndProject
Project("{9A19103F-16F7-4668-BE54-9A1E7A4F7556}") = "ch21 스테이터스바", "..\ch21 스테이터스바\ch21 스테이터스바.csproj", "{3BA6E64F-6ABF-43B8-9827-4094B853DE98}"
EndProject
Project("{9A19103F-16F7-4668-BE54-9A1E7A4F7556}") = "ch22 툴바", "..\ch22 툴바\ch22 툴바.csproj", "{8836CB2F-A0D2-4C12-8F1E-DD104991ADF9}"
EndProject
Project("{9A19103F-16F7-4668-BE54-9A1E7A4F7556}") = "ch23 메뉴", "..\ch23 메뉴\ch23 메뉴.csproj", "{1D8F7F7F-2E85-479D-8EB5-5F4138A3F491}"
EndProject
Project("{9A19103F-16F7-4668-BE54-9A1E7A4F7556}") = "ch24 컨텍스트메뉴", "..\ch24 컨텍스트메뉴\ch24 컨텍스트메뉴.csproj", "{B0BB9EEA-BE50-40D6-9D0A-B5173AD6912D}"
EndProject
Project("{9A19103F-16F7-4668-BE54-9A1E7A4F7556}") = "ch25 데이터바인딩1", "..\ch25 데이터바인딩1\ch25 데이터바인딩1.csproj", "{B0E5447A-D27E-458B-BEF1-A708DFD23E3A}"
EndProject
Project("{9A19103F-16F7-4668-BE54-9A1E7A4F7556}") = "ch26 데이터바인딩2", "..\ch26 데이터바인딩2\ch26 데이터바인딩2.csproj", "{4185F9D0-130F-4307-827B-3759CED64333}"
EndProject
Project("{9A19103F-16F7-4668-BE54-9A1E7A4F7556}") = "ch27 데이터바인딩3", "..\ch27 데이터바인딩3\ch27 데이터바인딩3.csproj", "{06E793AA-4B4C-4C96-A643-2649B8F61BD4}"
EndProject
Project("{9A19103F-16F7-4668-BE54-9A1E7A4F7556}") = "ch28 영어단어맞추기", "..\ch28 영어단어맞추기\ch28 영어단어맞추기.csproj", "{61664173-FC44-4867-B023-EC19BEF735A2}"
EndProject
Project("{9A19103F-16F7-4668-BE54-9A1E7A4F7556}") = "ch29 화면이동 프레임", "..\ch29 화면이동 프레임\ch29 화면이동 프레임.csproj", "{27971C71-3400-4B01-9F71-AA3F23BD43F4}"
EndProject
Project("{9A19103F-16F7-4668-BE54-9A1E7A4F7556}") = "ch30 탭컨트롤 모달 모달리스", "..\ch30 탭컨트롤 모달 모달리스\ch30 탭컨트롤 모달 모달리스.csproj", "{E12E91E0-B179-418B-81E7-0AAE75C4D389}"
EndProject
Project("{9A19103F-16F7-4668-BE54-9A1E7A4F7556}") = "ch31 유저컨트롤", "..\ch31 유저컨트롤\ch31 유저컨트롤.csproj", "{852DABB7-6359-4725-90DB-A5C6CFA7FA23}"
EndProject
Project("{FAE04EC0-301F-11D3-BF4B-00C04F79EFBC}") = "ch32 스타일", "..\ch32 스타일\ch32 스타일.csproj", "{EAD8C9AD-6173-440C-978D-6D3E3CE319FB}"
EndProject
Project("{FAE04EC0-301F-11D3-BF4B-00C04F79EFBC}") = "ch33 애니메이션", "..\ch33 애니메이션\ch33 애니메이션.csproj", "{B9612C23-1E7F-463C-89CE-EB21071F6F37}"
EndProject
Project("{FAE04EC0-301F-11D3-BF4B-00C04F79EFBC}") = "ch34 MVVM", "..\ch34 MVVM\ch34 MVVM.csproj", "{4FC66C13-B86D-47B4-B1A7-9ABDBAD04892}"
EndProject
Project("{FAE04EC0-301F-11D3-BF4B-00C04F79EFBC}") = "ch35 MariaDB연동", "..\ch35 MariaDB연동\ch35 MariaDB연동.csproj", "{762909FA-4A3A-488F-A4C2-A36427C37946}"
EndProject
Project("{2150E333-8FDC-42A3-9474-1A3956D46DE8}") = "솔루션 항목", "솔루션 항목", "{14C2E16A-75C8-4C2B-B1D2-2DD548468F75}"
EndProject
Global
	GlobalSection(SolutionConfigurationPlatforms) = preSolution
		Debug|Any CPU = Debug|Any CPU
		Release|Any CPU = Release|Any CPU
	EndGlobalSection
	GlobalSection(ProjectConfigurationPlatforms) = postSolution
		{46E415EE-BB55-49F1-8B69-11D4D14B2A5F}.Debug|Any CPU.ActiveCfg = Debug|Any CPU
		{46E415EE-BB55-49F1-8B69-11D4D14B2A5F}.Debug|Any CPU.Build.0 = Debug|Any CPU
		{46E415EE-BB55-49F1-8B69-11D4D14B2A5F}.Release|Any CPU.ActiveCfg = Release|Any CPU
		{46E415EE-BB55-49F1-8B69-11D4D14B2A5F}.Release|Any CPU.Build.0 = Release|Any CPU
		{86E86330-2964-40C9-BCCE-64AE6E616000}.Debug|Any CPU.ActiveCfg = Debug|Any CPU
		{86E86330-2964-40C9-BCCE-64AE6E616000}.Debug|Any CPU.Build.0 = Debug|Any CPU
		{86E86330-2964-40C9-BCCE-64AE6E616000}.Release|Any CPU.ActiveCfg = Release|Any CPU
		{86E86330-2964-40C9-BCCE-64AE6E616000}.Release|Any CPU.Build.0 = Release|Any CPU
		{11DD0AF5-2EBF-478E-AC15-EE5B27D9A476}.Debug|Any CPU.ActiveCfg = Debug|Any CPU
		{11DD0AF5-2EBF-478E-AC15-EE5B27D9A476}.Debug|Any CPU.Build.0 = Debug|Any CPU
		{11DD0AF5-2EBF-478E-AC15-EE5B27D9A476}.Release|Any CPU.ActiveCfg = Release|Any CPU
		{11DD0AF5-2EBF-478E-AC15-EE5B27D9A476}.Release|Any CPU.Build.0 = Release|Any CPU
		{17031C1C-B025-4C0C-BC6A-D724C188F0E2}.Debug|Any CPU.ActiveCfg = Debug|Any CPU
		{17031C1C-B025-4C0C-BC6A-D724C188F0E2}.Debug|Any CPU.Build.0 = Debug|Any CPU
		{17031C1C-B025-4C0C-BC6A-D724C188F0E2}.Release|Any CPU.ActiveCfg = Release|Any CPU
		{17031C1C-B025-4C0C-BC6A-D724C188F0E2}.Release|Any CPU.Build.0 = Release|Any CPU
		{C90DE1CB-8171-4005-AA72-7FBEC88ED36F}.Debug|Any CPU.ActiveCfg = Debug|Any CPU
		{C90DE1CB-8171-4005-AA72-7FBEC88ED36F}.Debug|Any CPU.Build.0 = Debug|Any CPU
		{C90DE1CB-8171-4005-AA72-7FBEC88ED36F}.Release|Any CPU.ActiveCfg = Release|Any CPU
		{C90DE1CB-8171-4005-AA72-7FBEC88ED36F}.Release|Any CPU.Build.0 = Release|Any CPU
		{69188802-1BA6-4581-9B42-D5A042343D41}.Debug|Any CPU.ActiveCfg = Debug|Any CPU
		{69188802-1BA6-4581-9B42-D5A042343D41}.Debug|Any CPU.Build.0 = Debug|Any CPU
		{69188802-1BA6-4581-9B42-D5A042343D41}.Release|Any CPU.ActiveCfg = Release|Any CPU
		{69188802-1BA6-4581-9B42-D5A042343D41}.Release|Any CPU.Build.0 = Release|Any CPU
		{51B86FCB-3342-4D89-A297-7652D3375C52}.Debug|Any CPU.ActiveCfg = Debug|Any CPU
		{51B86FCB-3342-4D89-A297-7652D3375C52}.Debug|Any CPU.Build.0 = Debug|Any CPU
		{51B86FCB-3342-4D89-A297-7652D3375C52}.Release|Any CPU.ActiveCfg = Release|Any CPU
		{51B86FCB-3342-4D89-A297-7652D3375C52}.Release|Any CPU.Build.0 = Release|Any CPU
		{2D37229F-4668-4AB1-9C0D-C8FC0883010A}.Debug|Any CPU.ActiveCfg = Debug|Any CPU
		{2D37229F-4668-4AB1-9C0D-C8FC0883010A}.Debug|Any CPU.Build.0 = Debug|Any CPU
		{2D37229F-4668-4AB1-9C0D-C8FC0883010A}.Release|Any CPU.ActiveCfg = Release|Any CPU
		{2D37229F-4668-4AB1-9C0D-C8FC0883010A}.Release|Any CPU.Build.0 = Release|Any CPU
		{AC9A3BE6-7ADE-4ADD-B32A-29F18344E172}.Debug|Any CPU.ActiveCfg = Debug|Any CPU
		{AC9A3BE6-7ADE-4ADD-B32A-29F18344E172}.Debug|Any CPU.Build.0 = Debug|Any CPU
		{AC9A3BE6-7ADE-4ADD-B32A-29F18344E172}.Release|Any CPU.ActiveCfg = Release|Any CPU
		{AC9A3BE6-7ADE-4ADD-B32A-29F18344E172}.Release|Any CPU.Build.0 = Release|Any CPU
		{F20A2814-8CCC-4EF9-8DF6-E719262C0512}.Debug|Any CPU.ActiveCfg = Debug|Any CPU
		{F20A2814-8CCC-4EF9-8DF6-E719262C0512}.Debug|Any CPU.Build.0 = Debug|Any CPU
		{F20A2814-8CCC-4EF9-8DF6-E719262C0512}.Release|Any CPU.ActiveCfg = Release|Any CPU
		{F20A2814-8CCC-4EF9-8DF6-E719262C0512}.Release|Any CPU.Build.0 = Release|Any CPU
		{71335F34-38D7-4417-BCAE-9E44D8558941}.Debug|Any CPU.ActiveCfg = Debug|Any CPU
		{71335F34-38D7-4417-BCAE-9E44D8558941}.Debug|Any CPU.Build.0 = Debug|Any CPU
		{71335F34-38D7-4417-BCAE-9E44D8558941}.Release|Any CPU.ActiveCfg = Release|Any CPU
		{71335F34-38D7-4417-BCAE-9E44D8558941}.Release|Any CPU.Build.0 = Release|Any CPU
		{E3900049-AC28-444C-970F-C8FC3E6BE2E8}.Debug|Any CPU.ActiveCfg = Debug|Any CPU
		{E3900049-AC28-444C-970F-C8FC3E6BE2E8}.Debug|Any CPU.Build.0 = Debug|Any CPU
		{E3900049-AC28-444C-970F-C8FC3E6BE2E8}.Release|Any CPU.ActiveCfg = Release|Any CPU
		{E3900049-AC28-444C-970F-C8FC3E6BE2E8}.Release|Any CPU.Build.0 = Release|Any CPU
		{047AA18B-A70B-45E5-B82D-68C122F76C2C}.Debug|Any CPU.ActiveCfg = Debug|Any CPU
		{047AA18B-A70B-45E5-B82D-68C122F76C2C}.Debug|Any CPU.Build.0 = Debug|Any CPU
		{047AA18B-A70B-45E5-B82D-68C122F76C2C}.Release|Any CPU.ActiveCfg = Release|Any CPU
		{047AA18B-A70B-45E5-B82D-68C122F76C2C}.Release|Any CPU.Build.0 = Release|Any CPU
		{9E1701D9-5397-4AC6-8091-EBA453E8AA80}.Debug|Any CPU.ActiveCfg = Debug|Any CPU
		{9E1701D9-5397-4AC6-8091-EBA453E8AA80}.Debug|Any CPU.Build.0 = Debug|Any CPU
		{9E1701D9-5397-4AC6-8091-EBA453E8AA80}.Release|Any CPU.ActiveCfg = Release|Any CPU
		{9E1701D9-5397-4AC6-8091-EBA453E8AA80}.Release|Any CPU.Build.0 = Release|Any CPU
		{D87067CC-5F2F-499E-8010-7B12EF5BBCC4}.Debug|Any CPU.ActiveCfg = Debug|Any CPU
		{D87067CC-5F2F-499E-8010-7B12EF5BBCC4}.Debug|Any CPU.Build.0 = Debug|Any CPU
		{D87067CC-5F2F-499E-8010-7B12EF5BBCC4}.Release|Any CPU.ActiveCfg = Release|Any CPU
		{D87067CC-5F2F-499E-8010-7B12EF5BBCC4}.Release|Any CPU.Build.0 = Release|Any CPU
		{BD0134DE-16EF-4C77-97EA-A1D056F6787B}.Debug|Any CPU.ActiveCfg = Debug|Any CPU
		{BD0134DE-16EF-4C77-97EA-A1D056F6787B}.Debug|Any CPU.Build.0 = Debug|Any CPU
		{BD0134DE-16EF-4C77-97EA-A1D056F6787B}.Release|Any CPU.ActiveCfg = Release|Any CPU
		{BD0134DE-16EF-4C77-97EA-A1D056F6787B}.Release|Any CPU.Build.0 = Release|Any CPU
		{9EA77DCC-F07F-44EF-867B-99E03026CC19}.Debug|Any CPU.ActiveCfg = Debug|Any CPU
		{9EA77DCC-F07F-44EF-867B-99E03026CC19}.Debug|Any CPU.Build.0 = Debug|Any CPU
		{9EA77DCC-F07F-44EF-867B-99E03026CC19}.Release|Any CPU.ActiveCfg = Release|Any CPU
		{9EA77DCC-F07F-44EF-867B-99E03026CC19}.Release|Any CPU.Build.0 = Release|Any CPU
		{334656D9-269C-41D7-AA0C-E22727C0A048}.Debug|Any CPU.ActiveCfg = Debug|Any CPU
		{334656D9-269C-41D7-AA0C-E22727C0A048}.Debug|Any CPU.Build.0 = Debug|Any CPU
		{334656D9-269C-41D7-AA0C-E22727C0A048}.Release|Any CPU.ActiveCfg = Release|Any CPU
		{334656D9-269C-41D7-AA0C-E22727C0A048}.Release|Any CPU.Build.0 = Release|Any CPU
		{6DD72027-2BD2-47C3-A529-38CC3116D600}.Debug|Any CPU.ActiveCfg = Debug|Any CPU
		{6DD72027-2BD2-47C3-A529-38CC3116D600}.Debug|Any CPU.Build.0 = Debug|Any CPU
		{6DD72027-2BD2-47C3-A529-38CC3116D600}.Release|Any CPU.ActiveCfg = Release|Any CPU
		{6DD72027-2BD2-47C3-A529-38CC3116D600}.Release|Any CPU.Build.0 = Release|Any CPU
		{4CFE8EAE-EDA4-4C3A-BD5F-6E9D5B022864}.Debug|Any CPU.ActiveCfg = Debug|Any CPU
		{4CFE8EAE-EDA4-4C3A-BD5F-6E9D5B022864}.Debug|Any CPU.Build.0 = Debug|Any CPU
		{4CFE8EAE-EDA4-4C3A-BD5F-6E9D5B022864}.Release|Any CPU.ActiveCfg = Release|Any CPU
		{4CFE8EAE-EDA4-4C3A-BD5F-6E9D5B022864}.Release|Any CPU.Build.0 = Release|Any CPU
		{3BA6E64F-6ABF-43B8-9827-4094B853DE98}.Debug|Any CPU.ActiveCfg = Debug|Any CPU
		{3BA6E64F-6ABF-43B8-9827-4094B853DE98}.Debug|Any CPU.Build.0 = Debug|Any CPU
		{3BA6E64F-6ABF-43B8-9827-4094B853DE98}.Release|Any CPU.ActiveCfg = Release|Any CPU
		{3BA6E64F-6ABF-43B8-9827-4094B853DE98}.Release|Any CPU.Build.0 = Release|Any CPU
		{8836CB2F-A0D2-4C12-8F1E-DD104991ADF9}.Debug|Any CPU.ActiveCfg = Debug|Any CPU
		{8836CB2F-A0D2-4C12-8F1E-DD104991ADF9}.Debug|Any CPU.Build.0 = Debug|Any CPU
		{8836CB2F-A0D2-4C12-8F1E-DD104991ADF9}.Release|Any CPU.ActiveCfg = Release|Any CPU
		{8836CB2F-A0D2-4C12-8F1E-DD104991ADF9}.Release|Any CPU.Build.0 = Release|Any CPU
		{1D8F7F7F-2E85-479D-8EB5-5F4138A3F491}.Debug|Any CPU.ActiveCfg = Debug|Any CPU
		{1D8F7F7F-2E85-479D-8EB5-5F4138A3F491}.Debug|Any CPU.Build.0 = Debug|Any CPU
		{1D8F7F7F-2E85-479D-8EB5-5F4138A3F491}.Release|Any CPU.ActiveCfg = Release|Any CPU
		{1D8F7F7F-2E85-479D-8EB5-5F4138A3F491}.Release|Any CPU.Build.0 = Release|Any CPU
		{B0BB9EEA-BE50-40D6-9D0A-B5173AD6912D}.Debug|Any CPU.ActiveCfg = Debug|Any CPU
		{B0BB9EEA-BE50-40D6-9D0A-B5173AD6912D}.Debug|Any CPU.Build.0 = Debug|Any CPU
		{B0BB9EEA-BE50-40D6-9D0A-B5173AD6912D}.Release|Any CPU.ActiveCfg = Release|Any CPU
		{B0BB9EEA-BE50-40D6-9D0A-B5173AD6912D}.Release|Any CPU.Build.0 = Release|Any CPU
		{B0E5447A-D27E-458B-BEF1-A708DFD23E3A}.Debug|Any CPU.ActiveCfg = Debug|Any CPU
		{B0E5447A-D27E-458B-BEF1-A708DFD23E3A}.Debug|Any CPU.Build.0 = Debug|Any CPU
		{B0E5447A-D27E-458B-BEF1-A708DFD23E3A}.Release|Any CPU.ActiveCfg = Release|Any CPU
		{B0E5447A-D27E-458B-BEF1-A708DFD23E3A}.Release|Any CPU.Build.0 = Release|Any CPU
		{4185F9D0-130F-4307-827B-3759CED64333}.Debug|Any CPU.ActiveCfg = Debug|Any CPU
		{4185F9D0-130F-4307-827B-3759CED64333}.Debug|Any CPU.Build.0 = Debug|Any CPU
		{4185F9D0-130F-4307-827B-3759CED64333}.Release|Any CPU.ActiveCfg = Release|Any CPU
		{4185F9D0-130F-4307-827B-3759CED64333}.Release|Any CPU.Build.0 = Release|Any CPU
		{06E793AA-4B4C-4C96-A643-2649B8F61BD4}.Debug|Any CPU.ActiveCfg = Debug|Any CPU
		{06E793AA-4B4C-4C96-A643-2649B8F61BD4}.Debug|Any CPU.Build.0 = Debug|Any CPU
		{06E793AA-4B4C-4C96-A643-2649B8F61BD4}.Release|Any CPU.ActiveCfg = Release|Any CPU
		{06E793AA-4B4C-4C96-A643-2649B8F61BD4}.Release|Any CPU.Build.0 = Release|Any CPU
		{61664173-FC44-4867-B023-EC19BEF735A2}.Debug|Any CPU.ActiveCfg = Debug|Any CPU
		{61664173-FC44-4867-B023-EC19BEF735A2}.Debug|Any CPU.Build.0 = Debug|Any CPU
		{61664173-FC44-4867-B023-EC19BEF735A2}.Release|Any CPU.ActiveCfg = Release|Any CPU
		{61664173-FC44-4867-B023-EC19BEF735A2}.Release|Any CPU.Build.0 = Release|Any CPU
		{27971C71-3400-4B01-9F71-AA3F23BD43F4}.Debug|Any CPU.ActiveCfg = Debug|Any CPU
		{27971C71-3400-4B01-9F71-AA3F23BD43F4}.Debug|Any CPU.Build.0 = Debug|Any CPU
		{27971C71-3400-4B01-9F71-AA3F23BD43F4}.Release|Any CPU.ActiveCfg = Release|Any CPU
		{27971C71-3400-4B01-9F71-AA3F23BD43F4}.Release|Any CPU.Build.0 = Release|Any CPU
		{E12E91E0-B179-418B-81E7-0AAE75C4D389}.Debug|Any CPU.ActiveCfg = Debug|Any CPU
		{E12E91E0-B179-418B-81E7-0AAE75C4D389}.Debug|Any CPU.Build.0 = Debug|Any CPU
		{E12E91E0-B179-418B-81E7-0AAE75C4D389}.Release|Any CPU.ActiveCfg = Release|Any CPU
		{E12E91E0-B179-418B-81E7-0AAE75C4D389}.Release|Any CPU.Build.0 = Release|Any CPU
		{852DABB7-6359-4725-90DB-A5C6CFA7FA23}.Debug|Any CPU.ActiveCfg = Debug|Any CPU
		{852DABB7-6359-4725-90DB-A5C6CFA7FA23}.Debug|Any CPU.Build.0 = Debug|Any CPU
		{852DABB7-6359-4725-90DB-A5C6CFA7FA23}.Release|Any CPU.ActiveCfg = Release|Any CPU
		{852DABB7-6359-4725-90DB-A5C6CFA7FA23}.Release|Any CPU.Build.0 = Release|Any CPU
		{EAD8C9AD-6173-440C-978D-6D3E3CE319FB}.Debug|Any CPU.ActiveCfg = Debug|Any CPU
		{EAD8C9AD-6173-440C-978D-6D3E3CE319FB}.Debug|Any CPU.Build.0 = Debug|Any CPU
		{EAD8C9AD-6173-440C-978D-6D3E3CE319FB}.Release|Any CPU.ActiveCfg = Release|Any CPU
		{EAD8C9AD-6173-440C-978D-6D3E3CE319FB}.Release|Any CPU.Build.0 = Release|Any CPU
		{B9612C23-1E7F-463C-89CE-EB21071F6F37}.Debug|Any CPU.ActiveCfg = Debug|Any CPU
		{B9612C23-1E7F-463C-89CE-EB21071F6F37}.Debug|Any CPU.Build.0 = Debug|Any CPU
		{B9612C23-1E7F-463C-89CE-EB21071F6F37}.Release|Any CPU.ActiveCfg = Release|Any CPU
		{B9612C23-1E7F-463C-89CE-EB21071F6F37}.Release|Any CPU.Build.0 = Release|Any CPU
		{4FC66C13-B86D-47B4-B1A7-9ABDBAD04892}.Debug|Any CPU.ActiveCfg = Debug|Any CPU
		{4FC66C13-B86D-47B4-B1A7-9ABDBAD04892}.Debug|Any CPU.Build.0 = Debug|Any CPU
		{4FC66C13-B86D-47B4-B1A7-9ABDBAD04892}.Release|Any CPU.ActiveCfg = Release|Any CPU
		{4FC66C13-B86D-47B4-B1A7-9ABDBAD04892}.Release|Any CPU.Build.0 = Release|Any CPU
		{762909FA-4A3A-488F-A4C2-A36427C37946}.Debug|Any CPU.ActiveCfg = Debug|Any CPU
		{762909FA-4A3A-488F-A4C2-A36427C37946}.Debug|Any CPU.Build.0 = Debug|Any CPU
		{762909FA-4A3A-488F-A4C2-A36427C37946}.Release|Any CPU.ActiveCfg = Release|Any CPU
		{762909FA-4A3A-488F-A4C2-A36427C37946}.Release|Any CPU.Build.0 = Release|Any CPU
	EndGlobalSection
	GlobalSection(SolutionProperties) = preSolution
		HideSolutionNode = FALSE
	EndGlobalSection
	GlobalSection(ExtensibilityGlobals) = postSolution
		SolutionGuid = {C6AD1D1A-2E53-41F9-85DA-D6AB01F99B1A}
	EndGlobalSection
EndGlobal
