
Microsoft Visual Studio Solution File, Format Version 12.00
Project("{FAE04EC0-301F-11D3-BF4B-00C04F79EFBC}") = "HelloWPF_Rider", "HelloWPF_Rider.csproj", "{3F00A759-2B7C-43F1-837C-57CAC49D21EB}"
EndProject
Global
	GlobalSection(SolutionConfigurationPlatforms) = preSolution
		Debug|Any CPU = Debug|Any CPU
		Release|Any CPU = Release|Any CPU
	EndGlobalSection
	GlobalSection(ProjectConfigurationPlatforms) = postSolution
		{3F00A759-2B7C-43F1-837C-57CAC49D21EB}.Debug|Any CPU.ActiveCfg = Debug|Any CPU
		{3F00A759-2B7C-43F1-837C-57CAC49D21EB}.Debug|Any CPU.Build.0 = Debug|Any CPU
		{3F00A759-2B7C-43F1-837C-57CAC49D21EB}.Release|Any CPU.ActiveCfg = Release|Any CPU
		{3F00A759-2B7C-43F1-837C-57CAC49D21EB}.Release|Any CPU.Build.0 = Release|Any CPU
	EndGlobalSection
EndGlobal
